
Microsoft Visual Studio Solution File, Format Version 12.00
# Visual Studio Version 16
VisualStudioVersion = 16.0.29926.136
MinimumVisualStudioVersion = 10.0.40219.1
Project("{FAE04EC0-301F-11D3-BF4B-00C04F79EFBC}") = "Kostka", "Kostka\Kostka.csproj", "{DD170AC1-9BA0-432B-8C6C-279B10DF5747}"
EndProject
Global
	GlobalSection(SolutionConfigurationPlatforms) = preSolution
		Debug|Any CPU = Debug|Any CPU
		Release|Any CPU = Release|Any CPU
	EndGlobalSection
	GlobalSection(ProjectConfigurationPlatforms) = postSolution
		{DD170AC1-9BA0-432B-8C6C-279B10DF5747}.Debug|Any CPU.ActiveCfg = Debug|Any CPU
		{DD170AC1-9BA0-432B-8C6C-279B10DF5747}.Debug|Any CPU.Build.0 = Debug|Any CPU
		{DD170AC1-9BA0-432B-8C6C-279B10DF5747}.Release|Any CPU.ActiveCfg = Release|Any CPU
		{DD170AC1-9BA0-432B-8C6C-279B10DF5747}.Release|Any CPU.Build.0 = Release|Any CPU
	EndGlobalSection
	GlobalSection(SolutionProperties) = preSolution
		HideSolutionNode = FALSE
	EndGlobalSection
	GlobalSection(ExtensibilityGlobals) = postSolution
		SolutionGuid = {C7D06DB6-D3B8-41B4-B7C0-11EF650760D1}
	EndGlobalSection
EndGlobal
